
Microsoft Visual Studio Solution File, Format Version 12.00
# Visual Studio Version 17
VisualStudioVersion = 17.0.32126.317
MinimumVisualStudioVersion = 10.0.40219.1
Project("{FAE04EC0-301F-11D3-BF4B-00C04F79EFBC}") = "ApplicationUni", "ApplicationUni.csproj", "{EB0E2E70-A273-4F00-8BA3-6E7529A8EE9D}"
EndProject
Global
	GlobalSection(SolutionConfigurationPlatforms) = preSolution
		Debug|Any CPU = Debug|Any CPU
		Release|Any CPU = Release|Any CPU
	EndGlobalSection
	GlobalSection(ProjectConfigurationPlatforms) = postSolution
		{EB0E2E70-A273-4F00-8BA3-6E7529A8EE9D}.Debug|Any CPU.ActiveCfg = Debug|Any CPU
		{EB0E2E70-A273-4F00-8BA3-6E7529A8EE9D}.Debug|Any CPU.Build.0 = Debug|Any CPU
		{EB0E2E70-A273-4F00-8BA3-6E7529A8EE9D}.Release|Any CPU.ActiveCfg = Release|Any CPU
		{EB0E2E70-A273-4F00-8BA3-6E7529A8EE9D}.Release|Any CPU.Build.0 = Release|Any CPU
	EndGlobalSection
	GlobalSection(SolutionProperties) = preSolution
		HideSolutionNode = FALSE
	EndGlobalSection
	GlobalSection(ExtensibilityGlobals) = postSolution
		SolutionGuid = {D83C8B62-1A1B-43DD-AC21-ADAF38DA5DBD}
	EndGlobalSection
EndGlobal
